
Microsoft Visual Studio Solution File, Format Version 12.00
# Visual Studio Version 17
VisualStudioVersion = 17.5.33530.505
MinimumVisualStudioVersion = 10.0.40219.1
Project("{FAE04EC0-301F-11D3-BF4B-00C04F79EFBC}") = "VoteEligibility", "VoteEligibility\VoteEligibility.csproj", "{DAAA3EEE-BF5A-4623-B6CF-F781DEC5353A}"
EndProject
Global
	GlobalSection(SolutionConfigurationPlatforms) = preSolution
		Debug|Any CPU = Debug|Any CPU
		Release|Any CPU = Release|Any CPU
	EndGlobalSection
	GlobalSection(ProjectConfigurationPlatforms) = postSolution
		{DAAA3EEE-BF5A-4623-B6CF-F781DEC5353A}.Debug|Any CPU.ActiveCfg = Debug|Any CPU
		{DAAA3EEE-BF5A-4623-B6CF-F781DEC5353A}.Debug|Any CPU.Build.0 = Debug|Any CPU
		{DAAA3EEE-BF5A-4623-B6CF-F781DEC5353A}.Release|Any CPU.ActiveCfg = Release|Any CPU
		{DAAA3EEE-BF5A-4623-B6CF-F781DEC5353A}.Release|Any CPU.Build.0 = Release|Any CPU
	EndGlobalSection
	GlobalSection(SolutionProperties) = preSolution
		HideSolutionNode = FALSE
	EndGlobalSection
	GlobalSection(ExtensibilityGlobals) = postSolution
		SolutionGuid = {76708201-2857-47FA-A503-E8CD675D09D6}
	EndGlobalSection
EndGlobal
