
Microsoft Visual Studio Solution File, Format Version 12.00
# Visual Studio Version 17
VisualStudioVersion = 17.5.33516.290
MinimumVisualStudioVersion = 10.0.40219.1
Project("{9A19103F-16F7-4668-BE54-9A1E7A4F7556}") = "MVCDemonstration", "MVCDemonstration.csproj", "{F551098A-09DB-48D6-85F0-910312F4993C}"
EndProject
Global
	GlobalSection(SolutionConfigurationPlatforms) = preSolution
		Debug|Any CPU = Debug|Any CPU
		Release|Any CPU = Release|Any CPU
	EndGlobalSection
	GlobalSection(ProjectConfigurationPlatforms) = postSolution
		{F551098A-09DB-48D6-85F0-910312F4993C}.Debug|Any CPU.ActiveCfg = Debug|Any CPU
		{F551098A-09DB-48D6-85F0-910312F4993C}.Debug|Any CPU.Build.0 = Debug|Any CPU
		{F551098A-09DB-48D6-85F0-910312F4993C}.Release|Any CPU.ActiveCfg = Release|Any CPU
		{F551098A-09DB-48D6-85F0-910312F4993C}.Release|Any CPU.Build.0 = Release|Any CPU
	EndGlobalSection
	GlobalSection(SolutionProperties) = preSolution
		HideSolutionNode = FALSE
	EndGlobalSection
	GlobalSection(ExtensibilityGlobals) = postSolution
		SolutionGuid = {6351F2EA-2102-4B19-94EC-1718D3BDB767}
	EndGlobalSection
EndGlobal
