
Microsoft Visual Studio Solution File, Format Version 12.00
# Visual Studio Version 17
VisualStudioVersion = 17.5.33516.290
MinimumVisualStudioVersion = 10.0.40219.1
Project("{FAE04EC0-301F-11D3-BF4B-00C04F79EFBC}") = "WebAPIDemo", "WebAPIDemo.csproj", "{A64A75A3-9A14-4AE8-AE92-01C3B401D66B}"
EndProject
Global
	GlobalSection(SolutionConfigurationPlatforms) = preSolution
		Debug|Any CPU = Debug|Any CPU
		Release|Any CPU = Release|Any CPU
	EndGlobalSection
	GlobalSection(ProjectConfigurationPlatforms) = postSolution
		{A64A75A3-9A14-4AE8-AE92-01C3B401D66B}.Debug|Any CPU.ActiveCfg = Debug|Any CPU
		{A64A75A3-9A14-4AE8-AE92-01C3B401D66B}.Debug|Any CPU.Build.0 = Debug|Any CPU
		{A64A75A3-9A14-4AE8-AE92-01C3B401D66B}.Release|Any CPU.ActiveCfg = Release|Any CPU
		{A64A75A3-9A14-4AE8-AE92-01C3B401D66B}.Release|Any CPU.Build.0 = Release|Any CPU
	EndGlobalSection
	GlobalSection(SolutionProperties) = preSolution
		HideSolutionNode = FALSE
	EndGlobalSection
	GlobalSection(ExtensibilityGlobals) = postSolution
		SolutionGuid = {B4F44A9E-07C4-49F6-ACAF-2725EB6EE721}
	EndGlobalSection
EndGlobal
