
Microsoft Visual Studio Solution File, Format Version 12.00
# Visual Studio Version 17
VisualStudioVersion = 17.5.33530.505
MinimumVisualStudioVersion = 10.0.40219.1
Project("{FAE04EC0-301F-11D3-BF4B-00C04F79EFBC}") = "CheckLeapYear", "CheckLeapYear\CheckLeapYear.csproj", "{F8245AB5-8777-444F-8F1A-03EE03BC75AC}"
EndProject
Global
	GlobalSection(SolutionConfigurationPlatforms) = preSolution
		Debug|Any CPU = Debug|Any CPU
		Release|Any CPU = Release|Any CPU
	EndGlobalSection
	GlobalSection(ProjectConfigurationPlatforms) = postSolution
		{F8245AB5-8777-444F-8F1A-03EE03BC75AC}.Debug|Any CPU.ActiveCfg = Debug|Any CPU
		{F8245AB5-8777-444F-8F1A-03EE03BC75AC}.Debug|Any CPU.Build.0 = Debug|Any CPU
		{F8245AB5-8777-444F-8F1A-03EE03BC75AC}.Release|Any CPU.ActiveCfg = Release|Any CPU
		{F8245AB5-8777-444F-8F1A-03EE03BC75AC}.Release|Any CPU.Build.0 = Release|Any CPU
	EndGlobalSection
	GlobalSection(SolutionProperties) = preSolution
		HideSolutionNode = FALSE
	EndGlobalSection
	GlobalSection(ExtensibilityGlobals) = postSolution
		SolutionGuid = {0F990A1B-48A3-4A32-8F22-B48EA3A8B724}
	EndGlobalSection
EndGlobal
